PODS:
  - Alamofire (4.8.2)
  - Differentiator (3.1.0)
  - Kingfisher (4.10.1)
  - MJRefresh (3.2.0)
  - Moya/Core (10.0.2):
    - Alamofire (~> 4.1)
    - Result (~> 3.0)
  - Moya/RxSwift (10.0.2):
    - Moya/Core
    - RxSwift (~> 4.0)
  - Result (3.2.4)
  - RxCocoa (4.5.0):
    - RxSwift (>= 4.4.2, ~> 4.4)
  - RxDataSources (3.1.0):
    - Differentiator (~> 3.0)
    - RxCocoa (~> 4.0)
    - RxSwift (~> 4.0)
  - RxFeedback (1.1.1):
    - RxCocoa (~> 4.0)
    - RxSwift (~> 4.0)
  - RxOptional (3.6.2):
    - RxCocoa (~> 4.0)
    - RxSwift (~> 4.0)
  - RxSwift (4.5.0)
  - Zombie (0.1.0):
    - Kingfisher (~> 4.3)
    - MJRefresh (~> 3.1)
    - Moya/RxSwift (~> 10.0)
    - RxCocoa (~> 4.0)
    - RxDataSources (~> 3.0)
    - RxFeedback (~> 1.0)
    - RxOptional (~> 3.3)
    - RxSwift (~> 4.0)

DEPENDENCIES:
  - Zombie (from `../`)

SPEC REPOS:
  https://github.com/CocoaPods/Specs.git:
    - Alamofire
    - Differentiator
    - Kingfisher
    - MJRefresh
    - Moya
    - Result
    - RxCocoa
    - RxDataSources
    - RxFeedback
    - RxOptional
    - RxSwift

EXTERNAL SOURCES:
  Zombie:
    :path: "../"

SPEC CHECKSUMS:
  Alamofire: ae5c501addb7afdbb13687d7f2f722c78734c2d3
  Differentiator: be49ca3408f0ecfc761e4c7763d20c62be01b9ad
  Kingfisher: c148cd7b47ebde9989f6bc7c27dcaa79d81279a0
  MJRefresh: ed450d6eb9d3346a2cb033ab7eb6de090aeef437
  Moya: 2b0531a9fef318e0bc484030c3db1e6f279ccb66
  Result: d2d07204ce72856f1fd9130bbe42c35a7b0fea10
  RxCocoa: cbf70265dc65a981d4ac982e513c10cf23df24a0
  RxDataSources: a843bad90c29817f5923ec8163f4af2de084ceb3
  RxFeedback: 640e317bc7f6c4914c39a2063c6d5c0e6c1aa65d
  RxOptional: 80426a0ddbd092573e4c482d8cc13302078c4d5e
  RxSwift: f172070dfd1a93d70a9ab97a5a01166206e1c575
  Zombie: 269254d34556a6876c5f6af4433574905058b7d5

PODFILE CHECKSUM: 56c926da374cf22ac5842057b8fa6ff47fba8bb6

COCOAPODS: 1.8.0.beta.1
