PODS:
  - Differentiator (4.0.1)
  - Kingfisher (5.7.1)
  - MJRefresh (3.2.0)
  - RxCocoa (5.0.0):
    - RxRelay (~> 5)
    - RxSwift (~> 5)
  - RxDataSources (4.0.1):
    - Differentiator (~> 4.0)
    - RxCocoa (~> 5.0)
    - RxSwift (~> 5.0)
  - RxFeedback (3.0.0):
    - RxCocoa (~> 5.0)
    - RxSwift (~> 5.0)
  - RxOptional (4.0.0):
    - RxCocoa (~> 5)
    - RxSwift (~> 5)
  - RxRelay (5.0.0):
    - RxSwift (~> 5)
  - RxSwift (5.0.0)

DEPENDENCIES:
  - Kingfisher
  - MJRefresh
  - RxCocoa
  - RxDataSources
  - RxFeedback
  - RxOptional

SPEC REPOS:
  trunk:
    - Differentiator
    - Kingfisher
    - MJRefresh
    - RxCocoa
    - RxDataSources
    - RxFeedback
    - RxOptional
    - RxRelay
    - RxSwift

SPEC CHECKSUMS:
  Differentiator: 886080237d9f87f322641dedbc5be257061b0602
  Kingfisher: 176d377ad339113c99ad4980cbae687f807e20fe
  MJRefresh: ed450d6eb9d3346a2cb033ab7eb6de090aeef437
  RxCocoa: fcf32050ac00d801f34a7f71d5e8e7f23026dcd8
  RxDataSources: efee07fa4de48477eca0a4611e6d11e2da9c1114
  RxFeedback: 4260d8dad5bba28b182c0b9ff5bce68c260de183
  RxOptional: 9904e2219d59260c3c171273d475b2126de187e8
  RxRelay: 4f7409406a51a55cd88483f21ed898c234d60f18
  RxSwift: 8b0671caa829a763bbce7271095859121cbd895f

PODFILE CHECKSUM: 8aaab527b733cf5ee191a3546300d19820511f81

COCOAPODS: 1.8.0.beta.1
