// !$*UTF8*$!
{
	archiveVersion = 1;
	classes = {
	};
	objectVersion = 48;
	objects = {

/* Begin PBXBuildFile section */
		95480B01C3ECBA266BA2E162 /* Pods_Example.framework in Frameworks */ = {isa = PBXBuildFile; fileRef = BB3C02C05BA0D44E40B32157 /* Pods_Example.framework */; };
		DAAE65E81FD51C0000778F52 /* AppDelegate.swift in Sources */ = {isa = PBXBuildFile; fileRef = DAAE65E71FD51C0000778F52 /* AppDelegate.swift */; };
		DAAE65EA1FD51C0000778F52 /* ViewController.swift in Sources */ = {isa = PBXBuildFile; fileRef = DAAE65E91FD51C0000778F52 /* ViewController.swift */; };
		DAAE65ED1FD51C0000778F52 /* Main.storyboard in Resources */ = {isa = PBXBuildFile; fileRef = DAAE65EB1FD51C0000778F52 /* Main.storyboard */; };
		DAAE65EF1FD51C0000778F52 /* Assets.xcassets in Resources */ = {isa = PBXBuildFile; fileRef = DAAE65EE1FD51C0000778F52 /* Assets.xcassets */; };
		DAAE65F21FD51C0000778F52 /* LaunchScreen.storyboard in Resources */ = {isa = PBXBuildFile; fileRef = DAAE65F01FD51C0000778F52 /* LaunchScreen.storyboard */; };
		DAAE65FA1FD5206900778F52 /* StaticImport.swift in Sources */ = {isa = PBXBuildFile; fileRef = DAAE65F91FD5206900778F52 /* StaticImport.swift */; };
		DAAE65FC1FD540B500778F52 /* Repo.swift in Sources */ = {isa = PBXBuildFile; fileRef = DAAE65FB1FD540B500778F52 /* Repo.swift */; };
		DAAE65FE1FD5415F00778F52 /* Api.swift in Sources */ = {isa = PBXBuildFile; fileRef = DAAE65FD1FD5415F00778F52 /* Api.swift */; };
		DAAE66001FD5429400778F52 /* AppCoordinator.swift in Sources */ = {isa = PBXBuildFile; fileRef = DAAE65FF1FD5429400778F52 /* AppCoordinator.swift */; };
		DAAE66021FD5436000778F52 /* RepoViewModel.swift in Sources */ = {isa = PBXBuildFile; fileRef = DAAE66011FD5436000778F52 /* RepoViewModel.swift */; };
		DAAE66041FD543D500778F52 /* ViewCoordinator.swift in Sources */ = {isa = PBXBuildFile; fileRef = DAAE66031FD543D500778F52 /* ViewCoordinator.swift */; };
		DAAE66061FD54BE500778F52 /* RepoCell.swift in Sources */ = {isa = PBXBuildFile; fileRef = DAAE66051FD54BE500778F52 /* RepoCell.swift */; };
/* End PBXBuildFile section */

/* Begin PBXFileReference section */
		79360FF0A7C8D296E6790349 /* Pods-Example.debug.xcconfig */ = {isa = PBXFileReference; includeInIndex = 1; lastKnownFileType = text.xcconfig; name = "Pods-Example.debug.xcconfig"; path = "Pods/Target Support Files/Pods-Example/Pods-Example.debug.xcconfig"; sourceTree = "<group>"; };
		BB3C02C05BA0D44E40B32157 /* Pods_Example.framework */ = {isa = PBXFileReference; explicitFileType = wrapper.framework; includeInIndex = 0; path = Pods_Example.framework; sourceTree = BUILT_PRODUCTS_DIR; };
		DAAE65E41FD51C0000778F52 /* Example.app */ = {isa = PBXFileReference; explicitFileType = wrapper.application; includeInIndex = 0; path = Example.app; sourceTree = BUILT_PRODUCTS_DIR; };
		DAAE65E71FD51C0000778F52 /* AppDelegate.swift */ = {isa = PBXFileReference; lastKnownFileType = sourcecode.swift; path = AppDelegate.swift; sourceTree = "<group>"; };
		DAAE65E91FD51C0000778F52 /* ViewController.swift */ = {isa = PBXFileReference; lastKnownFileType = sourcecode.swift; path = ViewController.swift; sourceTree = "<group>"; };
		DAAE65EC1FD51C0000778F52 /* Base */ = {isa = PBXFileReference; lastKnownFileType = file.storyboard; name = Base; path = Base.lproj/Main.storyboard; sourceTree = "<group>"; };
		DAAE65EE1FD51C0000778F52 /* Assets.xcassets */ = {isa = PBXFileReference; lastKnownFileType = folder.assetcatalog; path = Assets.xcassets; sourceTree = "<group>"; };
		DAAE65F11FD51C0000778F52 /* Base */ = {isa = PBXFileReference; lastKnownFileType = file.storyboard; name = Base; path = Base.lproj/LaunchScreen.storyboard; sourceTree = "<group>"; };
		DAAE65F31FD51C0000778F52 /* Info.plist */ = {isa = PBXFileReference; lastKnownFileType = text.plist.xml; path = Info.plist; sourceTree = "<group>"; };
		DAAE65F91FD5206900778F52 /* StaticImport.swift */ = {isa = PBXFileReference; lastKnownFileType = sourcecode.swift; path = StaticImport.swift; sourceTree = "<group>"; };
		DAAE65FB1FD540B500778F52 /* Repo.swift */ = {isa = PBXFileReference; lastKnownFileType = sourcecode.swift; path = Repo.swift; sourceTree = "<group>"; };
		DAAE65FD1FD5415F00778F52 /* Api.swift */ = {isa = PBXFileReference; lastKnownFileType = sourcecode.swift; path = Api.swift; sourceTree = "<group>"; };
		DAAE65FF1FD5429400778F52 /* AppCoordinator.swift */ = {isa = PBXFileReference; lastKnownFileType = sourcecode.swift; path = AppCoordinator.swift; sourceTree = "<group>"; };
		DAAE66011FD5436000778F52 /* RepoViewModel.swift */ = {isa = PBXFileReference; lastKnownFileType = sourcecode.swift; path = RepoViewModel.swift; sourceTree = "<group>"; };
		DAAE66031FD543D500778F52 /* ViewCoordinator.swift */ = {isa = PBXFileReference; lastKnownFileType = sourcecode.swift; path = ViewCoordinator.swift; sourceTree = "<group>"; };
		DAAE66051FD54BE500778F52 /* RepoCell.swift */ = {isa = PBXFileReference; lastKnownFileType = sourcecode.swift; path = RepoCell.swift; sourceTree = "<group>"; };
		E7913772AFAAD452F7390261 /* Pods-Example.release.xcconfig */ = {isa = PBXFileReference; includeInIndex = 1; lastKnownFileType = text.xcconfig; name = "Pods-Example.release.xcconfig"; path = "Pods/Target Support Files/Pods-Example/Pods-Example.release.xcconfig"; sourceTree = "<group>"; };
/* End PBXFileReference section */

/* Begin PBXFrameworksBuildPhase section */
		DAAE65E11FD51C0000778F52 /* Frameworks */ = {
			isa = PBXFrameworksBuildPhase;
			buildActionMask = 2147483647;
			files = (
				95480B01C3ECBA266BA2E162 /* Pods_Example.framework in Frameworks */,
			);
			runOnlyForDeploymentPostprocessing = 0;
		};
/* End PBXFrameworksBuildPhase section */

/* Begin PBXGroup section */
		9027B73649646E19EDD8ED6B /* Frameworks */ = {
			isa = PBXGroup;
			children = (
				BB3C02C05BA0D44E40B32157 /* Pods_Example.framework */,
			);
			name = Frameworks;
			sourceTree = "<group>";
		};
		C4D510EF9BB8441E29D918B7 /* Pods */ = {
			isa = PBXGroup;
			children = (
				79360FF0A7C8D296E6790349 /* Pods-Example.debug.xcconfig */,
				E7913772AFAAD452F7390261 /* Pods-Example.release.xcconfig */,
			);
			name = Pods;
			sourceTree = "<group>";
		};
		DAAE65DB1FD51C0000778F52 = {
			isa = PBXGroup;
			children = (
				DAAE65E61FD51C0000778F52 /* Example */,
				DAAE65E51FD51C0000778F52 /* Products */,
				C4D510EF9BB8441E29D918B7 /* Pods */,
				9027B73649646E19EDD8ED6B /* Frameworks */,
			);
			sourceTree = "<group>";
		};
		DAAE65E51FD51C0000778F52 /* Products */ = {
			isa = PBXGroup;
			children = (
				DAAE65E41FD51C0000778F52 /* Example.app */,
			);
			name = Products;
			sourceTree = "<group>";
		};
		DAAE65E61FD51C0000778F52 /* Example */ = {
			isa = PBXGroup;
			children = (
				DAAE65E71FD51C0000778F52 /* AppDelegate.swift */,
				DAAE65FF1FD5429400778F52 /* AppCoordinator.swift */,
				DAAE65E91FD51C0000778F52 /* ViewController.swift */,
				DAAE66031FD543D500778F52 /* ViewCoordinator.swift */,
				DAAE65EB1FD51C0000778F52 /* Main.storyboard */,
				DAAE65EE1FD51C0000778F52 /* Assets.xcassets */,
				DAAE65F01FD51C0000778F52 /* LaunchScreen.storyboard */,
				DAAE65F31FD51C0000778F52 /* Info.plist */,
				DAAE65F91FD5206900778F52 /* StaticImport.swift */,
				DAAE66011FD5436000778F52 /* RepoViewModel.swift */,
				DAAE66051FD54BE500778F52 /* RepoCell.swift */,
				DAAE65FB1FD540B500778F52 /* Repo.swift */,
				DAAE65FD1FD5415F00778F52 /* Api.swift */,
			);
			path = Example;
			sourceTree = "<group>";
		};
/* End PBXGroup section */

/* Begin PBXNativeTarget section */
		DAAE65E31FD51C0000778F52 /* Example */ = {
			isa = PBXNativeTarget;
			buildConfigurationList = DAAE65F61FD51C0000778F52 /* Build configuration list for PBXNativeTarget "Example" */;
			buildPhases = (
				5FEAFA26AA60AA67C45F6BDB /* [CP] Check Pods Manifest.lock */,
				DAAE65E01FD51C0000778F52 /* Sources */,
				DAAE65E11FD51C0000778F52 /* Frameworks */,
				DAAE65E21FD51C0000778F52 /* Resources */,
				EAB4E84B398C06DB2F03A7E9 /* [CP] Embed Pods Frameworks */,
			);
			buildRules = (
			);
			dependencies = (
			);
			name = Example;
			productName = Example;
			productReference = DAAE65E41FD51C0000778F52 /* Example.app */;
			productType = "com.apple.product-type.application";
		};
/* End PBXNativeTarget section */

/* Begin PBXProject section */
		DAAE65DC1FD51C0000778F52 /* Project object */ = {
			isa = PBXProject;
			attributes = {
				LastSwiftUpdateCheck = 0900;
				LastUpgradeCheck = 0900;
				ORGANIZATIONNAME = sanchew;
				TargetAttributes = {
					DAAE65E31FD51C0000778F52 = {
						CreatedOnToolsVersion = 9.0;
						ProvisioningStyle = Automatic;
					};
				};
			};
			buildConfigurationList = DAAE65DF1FD51C0000778F52 /* Build configuration list for PBXProject "Example" */;
			compatibilityVersion = "Xcode 8.0";
			developmentRegion = en;
			hasScannedForEncodings = 0;
			knownRegions = (
				en,
				Base,
			);
			mainGroup = DAAE65DB1FD51C0000778F52;
			productRefGroup = DAAE65E51FD51C0000778F52 /* Products */;
			projectDirPath = "";
			projectRoot = "";
			targets = (
				DAAE65E31FD51C0000778F52 /* Example */,
			);
		};
/* End PBXProject section */

/* Begin PBXResourcesBuildPhase section */
		DAAE65E21FD51C0000778F52 /* Resources */ = {
			isa = PBXResourcesBuildPhase;
			buildActionMask = 2147483647;
			files = (
				DAAE65F21FD51C0000778F52 /* LaunchScreen.storyboard in Resources */,
				DAAE65EF1FD51C0000778F52 /* Assets.xcassets in Resources */,
				DAAE65ED1FD51C0000778F52 /* Main.storyboard in Resources */,
			);
			runOnlyForDeploymentPostprocessing = 0;
		};
/* End PBXResourcesBuildPhase section */

/* Begin PBXShellScriptBuildPhase section */
		5FEAFA26AA60AA67C45F6BDB /* [CP] Check Pods Manifest.lock */ = {
			isa = PBXShellScriptBuildPhase;
			buildActionMask = 2147483647;
			files = (
			);
			inputPaths = (
				"${PODS_PODFILE_DIR_PATH}/Podfile.lock",
				"${PODS_ROOT}/Manifest.lock",
			);
			name = "[CP] Check Pods Manifest.lock";
			outputPaths = (
				"$(DERIVED_FILE_DIR)/Pods-Example-checkManifestLockResult.txt",
			);
			runOnlyForDeploymentPostprocessing = 0;
			shellPath = /bin/sh;
			shellScript = "diff \"${PODS_PODFILE_DIR_PATH}/Podfile.lock\" \"${PODS_ROOT}/Manifest.lock\" > /dev/null\nif [ $? != 0 ] ; then\n    # print error to STDERR\n    echo \"error: The sandbox is not in sync with the Podfile.lock. Run 'pod install' or update your CocoaPods installation.\" >&2\n    exit 1\nfi\n# This output is used by Xcode 'outputs' to avoid re-running this script phase.\necho \"SUCCESS\" > \"${SCRIPT_OUTPUT_FILE_0}\"\n";
			showEnvVarsInLog = 0;
		};
		EAB4E84B398C06DB2F03A7E9 /* [CP] Embed Pods Frameworks */ = {
			isa = PBXShellScriptBuildPhase;
			buildActionMask = 2147483647;
			files = (
			);
			inputPaths = (
				"${PODS_ROOT}/Target Support Files/Pods-Example/Pods-Example-frameworks.sh",
				"${BUILT_PRODUCTS_DIR}/Alamofire/Alamofire.framework",
				"${BUILT_PRODUCTS_DIR}/Differentiator/Differentiator.framework",
				"${BUILT_PRODUCTS_DIR}/Kingfisher/Kingfisher.framework",
				"${BUILT_PRODUCTS_DIR}/MJRefresh/MJRefresh.framework",
				"${BUILT_PRODUCTS_DIR}/Moya/Moya.framework",
				"${BUILT_PRODUCTS_DIR}/RxCocoa/RxCocoa.framework",
				"${BUILT_PRODUCTS_DIR}/RxDataSources/RxDataSources.framework",
				"${BUILT_PRODUCTS_DIR}/RxFeedback/RxFeedback.framework",
				"${BUILT_PRODUCTS_DIR}/RxOptional/RxOptional.framework",
				"${BUILT_PRODUCTS_DIR}/RxRelay/RxRelay.framework",
				"${BUILT_PRODUCTS_DIR}/RxSwift/RxSwift.framework",
				"${BUILT_PRODUCTS_DIR}/Zombie/Zombie.framework",
			);
			name = "[CP] Embed Pods Frameworks";
			outputPaths = (
				"${TARGET_BUILD_DIR}/${FRAMEWORKS_FOLDER_PATH}/Alamofire.framework",
				"${TARGET_BUILD_DIR}/${FRAMEWORKS_FOLDER_PATH}/Differentiator.framework",
				"${TARGET_BUILD_DIR}/${FRAMEWORKS_FOLDER_PATH}/Kingfisher.framework",
				"${TARGET_BUILD_DIR}/${FRAMEWORKS_FOLDER_PATH}/MJRefresh.framework",
				"${TARGET_BUILD_DIR}/${FRAMEWORKS_FOLDER_PATH}/Moya.framework",
				"${TARGET_BUILD_DIR}/${FRAMEWORKS_FOLDER_PATH}/RxCocoa.framework",
				"${TARGET_BUILD_DIR}/${FRAMEWORKS_FOLDER_PATH}/RxDataSources.framework",
				"${TARGET_BUILD_DIR}/${FRAMEWORKS_FOLDER_PATH}/RxFeedback.framework",
				"${TARGET_BUILD_DIR}/${FRAMEWORKS_FOLDER_PATH}/RxOptional.framework",
				"${TARGET_BUILD_DIR}/${FRAMEWORKS_FOLDER_PATH}/RxRelay.framework",
				"${TARGET_BUILD_DIR}/${FRAMEWORKS_FOLDER_PATH}/RxSwift.framework",
				"${TARGET_BUILD_DIR}/${FRAMEWORKS_FOLDER_PATH}/Zombie.framework",
			);
			runOnlyForDeploymentPostprocessing = 0;
			shellPath = /bin/sh;
			shellScript = "\"${PODS_ROOT}/Target Support Files/Pods-Example/Pods-Example-frameworks.sh\"\n";
			showEnvVarsInLog = 0;
		};
/* End PBXShellScriptBuildPhase section */

/* Begin PBXSourcesBuildPhase section */
		DAAE65E01FD51C0000778F52 /* Sources */ = {
			isa = PBXSourcesBuildPhase;
			buildActionMask = 2147483647;
			files = (
				DAAE66001FD5429400778F52 /* AppCoordinator.swift in Sources */,
				DAAE65EA1FD51C0000778F52 /* ViewController.swift in Sources */,
				DAAE66021FD5436000778F52 /* RepoViewModel.swift in Sources */,
				DAAE65FA1FD5206900778F52 /* StaticImport.swift in Sources */,
				DAAE65E81FD51C0000778F52 /* AppDelegate.swift in Sources */,
				DAAE66061FD54BE500778F52 /* RepoCell.swift in Sources */,
				DAAE65FE1FD5415F00778F52 /* Api.swift in Sources */,
				DAAE65FC1FD540B500778F52 /* Repo.swift in Sources */,
				DAAE66041FD543D500778F52 /* ViewCoordinator.swift in Sources */,
			);
			runOnlyForDeploymentPostprocessing = 0;
		};
/* End PBXSourcesBuildPhase section */

/* Begin PBXVariantGroup section */
		DAAE65EB1FD51C0000778F52 /* Main.storyboard */ = {
			isa = PBXVariantGroup;
			children = (
				DAAE65EC1FD51C0000778F52 /* Base */,
			);
			name = Main.storyboard;
			sourceTree = "<group>";
		};
		DAAE65F01FD51C0000778F52 /* LaunchScreen.storyboard */ = {
			isa = PBXVariantGroup;
			children = (
				DAAE65F11FD51C0000778F52 /* Base */,
			);
			name = LaunchScreen.storyboard;
			sourceTree = "<group>";
		};
/* End PBXVariantGroup section */

/* Begin XCBuildConfiguration section */
		DAAE65F41FD51C0000778F52 /* Debug */ = {
			isa = XCBuildConfiguration;
			buildSettings = {
				ALWAYS_SEARCH_USER_PATHS = NO;
				CLANG_ANALYZER_NONNULL = YES;
				CLANG_ANALYZER_NUMBER_OBJECT_CONVERSION = YES_AGGRESSIVE;
				CLANG_CXX_LANGUAGE_STANDARD = "gnu++14";
				CLANG_CXX_LIBRARY = "libc++";
				CLANG_ENABLE_MODULES = YES;
				CLANG_ENABLE_OBJC_ARC = YES;
				CLANG_WARN_BLOCK_CAPTURE_AUTORELEASING = YES;
				CLANG_WARN_BOOL_CONVERSION = YES;
				CLANG_WARN_COMMA = YES;
				CLANG_WARN_CONSTANT_CONVERSION = YES;
				CLANG_WARN_DIRECT_OBJC_ISA_USAGE = YES_ERROR;
				CLANG_WARN_DOCUMENTATION_COMMENTS = YES;
				CLANG_WARN_EMPTY_BODY = YES;
				CLANG_WARN_ENUM_CONVERSION = YES;
				CLANG_WARN_INFINITE_RECURSION = YES;
				CLANG_WARN_INT_CONVERSION = YES;
				CLANG_WARN_NON_LITERAL_NULL_CONVERSION = YES;
				CLANG_WARN_OBJC_LITERAL_CONVERSION = YES;
				CLANG_WARN_OBJC_ROOT_CLASS = YES_ERROR;
				CLANG_WARN_RANGE_LOOP_ANALYSIS = YES;
				CLANG_WARN_STRICT_PROTOTYPES = YES;
				CLANG_WARN_SUSPICIOUS_MOVE = YES;
				CLANG_WARN_UNGUARDED_AVAILABILITY = YES_AGGRESSIVE;
				CLANG_WARN_UNREACHABLE_CODE = YES;
				CLANG_WARN__DUPLICATE_METHOD_MATCH = YES;
				CODE_SIGN_IDENTITY = "iPhone Developer";
				COPY_PHASE_STRIP = NO;
				DEBUG_INFORMATION_FORMAT = dwarf;
				ENABLE_STRICT_OBJC_MSGSEND = YES;
				ENABLE_TESTABILITY = YES;
				GCC_C_LANGUAGE_STANDARD = gnu11;
				GCC_DYNAMIC_NO_PIC = NO;
				GCC_NO_COMMON_BLOCKS = YES;
				GCC_OPTIMIZATION_LEVEL = 0;
				GCC_PREPROCESSOR_DEFINITIONS = (
					"DEBUG=1",
					"$(inherited)",
				);
				GCC_WARN_64_TO_32_BIT_CONVERSION = YES;
				GCC_WARN_ABOUT_RETURN_TYPE = YES_ERROR;
				GCC_WARN_UNDECLARED_SELECTOR = YES;
				GCC_WARN_UNINITIALIZED_AUTOS = YES_AGGRESSIVE;
				GCC_WARN_UNUSED_FUNCTION = YES;
				GCC_WARN_UNUSED_VARIABLE = YES;
				IPHONEOS_DEPLOYMENT_TARGET = 11.0;
				MTL_ENABLE_DEBUG_INFO = YES;
				ONLY_ACTIVE_ARCH = YES;
				SDKROOT = iphoneos;
				SWIFT_ACTIVE_COMPILATION_CONDITIONS = DEBUG;
				SWIFT_OPTIMIZATION_LEVEL = "-Onone";
			};
			name = Debug;
		};
		DAAE65F51FD51C0000778F52 /* Release */ = {
			isa = XCBuildConfiguration;
			buildSettings = {
				ALWAYS_SEARCH_USER_PATHS = NO;
				CLANG_ANALYZER_NONNULL = YES;
				CLANG_ANALYZER_NUMBER_OBJECT_CONVERSION = YES_AGGRESSIVE;
				CLANG_CXX_LANGUAGE_STANDARD = "gnu++14";
				CLANG_CXX_LIBRARY = "libc++";
				CLANG_ENABLE_MODULES = YES;
				CLANG_ENABLE_OBJC_ARC = YES;
				CLANG_WARN_BLOCK_CAPTURE_AUTORELEASING = YES;
				CLANG_WARN_BOOL_CONVERSION = YES;
				CLANG_WARN_COMMA = YES;
				CLANG_WARN_CONSTANT_CONVERSION = YES;
				CLANG_WARN_DIRECT_OBJC_ISA_USAGE = YES_ERROR;
				CLANG_WARN_DOCUMENTATION_COMMENTS = YES;
				CLANG_WARN_EMPTY_BODY = YES;
				CLANG_WARN_ENUM_CONVERSION = YES;
				CLANG_WARN_INFINITE_RECURSION = YES;
				CLANG_WARN_INT_CONVERSION = YES;
				CLANG_WARN_NON_LITERAL_NULL_CONVERSION = YES;
				CLANG_WARN_OBJC_LITERAL_CONVERSION = YES;
				CLANG_WARN_OBJC_ROOT_CLASS = YES_ERROR;
				CLANG_WARN_RANGE_LOOP_ANALYSIS = YES;
				CLANG_WARN_STRICT_PROTOTYPES = YES;
				CLANG_WARN_SUSPICIOUS_MOVE = YES;
				CLANG_WARN_UNGUARDED_AVAILABILITY = YES_AGGRESSIVE;
				CLANG_WARN_UNREACHABLE_CODE = YES;
				CLANG_WARN__DUPLICATE_METHOD_MATCH = YES;
				CODE_SIGN_IDENTITY = "iPhone Developer";
				COPY_PHASE_STRIP = NO;
				DEBUG_INFORMATION_FORMAT = "dwarf-with-dsym";
				ENABLE_NS_ASSERTIONS = NO;
				ENABLE_STRICT_OBJC_MSGSEND = YES;
				GCC_C_LANGUAGE_STANDARD = gnu11;
				GCC_NO_COMMON_BLOCKS = YES;
				GCC_WARN_64_TO_32_BIT_CONVERSION = YES;
				GCC_WARN_ABOUT_RETURN_TYPE = YES_ERROR;
				GCC_WARN_UNDECLARED_SELECTOR = YES;
				GCC_WARN_UNINITIALIZED_AUTOS = YES_AGGRESSIVE;
				GCC_WARN_UNUSED_FUNCTION = YES;
				GCC_WARN_UNUSED_VARIABLE = YES;
				IPHONEOS_DEPLOYMENT_TARGET = 11.0;
				MTL_ENABLE_DEBUG_INFO = NO;
				SDKROOT = iphoneos;
				SWIFT_OPTIMIZATION_LEVEL = "-Owholemodule";
				VALIDATE_PRODUCT = YES;
			};
			name = Release;
		};
		DAAE65F71FD51C0000778F52 /* Debug */ = {
			isa = XCBuildConfiguration;
			baseConfigurationReference = 79360FF0A7C8D296E6790349 /* Pods-Example.debug.xcconfig */;
			buildSettings = {
				ASSETCATALOG_COMPILER_APPICON_NAME = AppIcon;
				CODE_SIGN_STYLE = Automatic;
				DEVELOPMENT_TEAM = F9KZ3Y25M2;
				INFOPLIST_FILE = Example/Info.plist;
				LD_RUNPATH_SEARCH_PATHS = "$(inherited) @executable_path/Frameworks";
				PRODUCT_BUNDLE_IDENTIFIER = ml.sanchew.Example;
				PRODUCT_NAME = "$(TARGET_NAME)";
				SWIFT_VERSION = 5.0;
				TARGETED_DEVICE_FAMILY = "1,2";
			};
			name = Debug;
		};
		DAAE65F81FD51C0000778F52 /* Release */ = {
			isa = XCBuildConfiguration;
			baseConfigurationReference = E7913772AFAAD452F7390261 /* Pods-Example.release.xcconfig */;
			buildSettings = {
				ASSETCATALOG_COMPILER_APPICON_NAME = AppIcon;
				CODE_SIGN_STYLE = Automatic;
				DEVELOPMENT_TEAM = F9KZ3Y25M2;
				INFOPLIST_FILE = Example/Info.plist;
				LD_RUNPATH_SEARCH_PATHS = "$(inherited) @executable_path/Frameworks";
				PRODUCT_BUNDLE_IDENTIFIER = ml.sanchew.Example;
				PRODUCT_NAME = "$(TARGET_NAME)";
				SWIFT_VERSION = 5.0;
				TARGETED_DEVICE_FAMILY = "1,2";
			};
			name = Release;
		};
/* End XCBuildConfiguration section */

/* Begin XCConfigurationList section */
		DAAE65DF1FD51C0000778F52 /* Build configuration list for PBXProject "Example" */ = {
			isa = XCConfigurationList;
			buildConfigurations = (
				DAAE65F41FD51C0000778F52 /* Debug */,
				DAAE65F51FD51C0000778F52 /* Release */,
			);
			defaultConfigurationIsVisible = 0;
			defaultConfigurationName = Release;
		};
		DAAE65F61FD51C0000778F52 /* Build configuration list for PBXNativeTarget "Example" */ = {
			isa = XCConfigurationList;
			buildConfigurations = (
				DAAE65F71FD51C0000778F52 /* Debug */,
				DAAE65F81FD51C0000778F52 /* Release */,
			);
			defaultConfigurationIsVisible = 0;
			defaultConfigurationName = Release;
		};
/* End XCConfigurationList section */
	};
	rootObject = DAAE65DC1FD51C0000778F52 /* Project object */;
}
